# This file is automatically @generated by Cargo.
# It is not intended for manual editing.
version = 4

[[package]]
name = "ciphra"
version = "0.0.1"
dependencies = [
 "ciphra-engine",
]

[[package]]
name = "ciphra-bench"
version = "0.0.1"
dependencies = [
 "ciphra-engine",
 "ciphra-testutil",
]

[[package]]
name = "ciphra-crypto"
version = "0.0.1"

[[package]]
name = "ciphra-engine"
version = "0.0.1"
dependencies = [
 "ciphra-crypto",
 "ciphra-sql",
 "ciphra-storage",
 "ciphra-testutil",
]

[[package]]
name = "ciphra-sql"
version = "0.0.1"

[[package]]
name = "ciphra-storage"
version = "0.0.1"
dependencies = [
 "ciphra-testutil",
]

[[package]]
name = "ciphra-testutil"
version = "0.0.1"
